
Microsoft Visual Studio Solution File, Format Version 12.00
# Visual Studio Version 17
VisualStudioVersion = 17.7.34202.233
MinimumVisualStudioVersion = 10.0.40219.1
Project("{9A19103F-16F7-4668-BE54-9A1E7A4F7556}") = "PandaIT", "PandaIT\PandaIT.csproj", "{AFF94675-BB70-41D2-8F22-9AE206ABF54F}"
EndProject
Project("{9A19103F-16F7-4668-BE54-9A1E7A4F7556}") = "PandaIdentity", "PandaIdentity\PandaIdentity.csproj", "{55054F23-D93F-4DDA-9518-EEE093508493}"
EndProject
Project("{9A19103F-16F7-4668-BE54-9A1E7A4F7556}") = "InventoryApiAspCore", "InventoryApiAspCore\InventoryApiAspCore.csproj", "{674EFA1C-56AC-48A6-9ACD-8F8F1F86AE86}"
EndProject
Project("{FAE04EC0-301F-11D3-BF4B-00C04F79EFBC}") = "E_Commerce", "E_Commerce\E_Commerce.csproj", "{16CE6A5E-DCAA-4BAA-9CC9-15F0B6C05773}"
EndProject
Global
	GlobalSection(SolutionConfigurationPlatforms) = preSolution
		Debug|Any CPU = Debug|Any CPU
		Release|Any CPU = Release|Any CPU
	EndGlobalSection
	GlobalSection(ProjectConfigurationPlatforms) = postSolution
		{AFF94675-BB70-41D2-8F22-9AE206ABF54F}.Debug|Any CPU.ActiveCfg = Debug|Any CPU
		{AFF94675-BB70-41D2-8F22-9AE206ABF54F}.Debug|Any CPU.Build.0 = Debug|Any CPU
		{AFF94675-BB70-41D2-8F22-9AE206ABF54F}.Release|Any CPU.ActiveCfg = Release|Any CPU
		{AFF94675-BB70-41D2-8F22-9AE206ABF54F}.Release|Any CPU.Build.0 = Release|Any CPU
		{55054F23-D93F-4DDA-9518-EEE093508493}.Debug|Any CPU.ActiveCfg = Debug|Any CPU
		{55054F23-D93F-4DDA-9518-EEE093508493}.Debug|Any CPU.Build.0 = Debug|Any CPU
		{55054F23-D93F-4DDA-9518-EEE093508493}.Release|Any CPU.ActiveCfg = Release|Any CPU
		{55054F23-D93F-4DDA-9518-EEE093508493}.Release|Any CPU.Build.0 = Release|Any CPU
		{674EFA1C-56AC-48A6-9ACD-8F8F1F86AE86}.Debug|Any CPU.ActiveCfg = Debug|Any CPU
		{674EFA1C-56AC-48A6-9ACD-8F8F1F86AE86}.Debug|Any CPU.Build.0 = Debug|Any CPU
		{674EFA1C-56AC-48A6-9ACD-8F8F1F86AE86}.Release|Any CPU.ActiveCfg = Release|Any CPU
		{674EFA1C-56AC-48A6-9ACD-8F8F1F86AE86}.Release|Any CPU.Build.0 = Release|Any CPU
		{16CE6A5E-DCAA-4BAA-9CC9-15F0B6C05773}.Debug|Any CPU.ActiveCfg = Debug|Any CPU
		{16CE6A5E-DCAA-4BAA-9CC9-15F0B6C05773}.Debug|Any CPU.Build.0 = Debug|Any CPU
		{16CE6A5E-DCAA-4BAA-9CC9-15F0B6C05773}.Release|Any CPU.ActiveCfg = Release|Any CPU
		{16CE6A5E-DCAA-4BAA-9CC9-15F0B6C05773}.Release|Any CPU.Build.0 = Release|Any CPU
	EndGlobalSection
	GlobalSection(SolutionProperties) = preSolution
		HideSolutionNode = FALSE
	EndGlobalSection
	GlobalSection(ExtensibilityGlobals) = postSolution
		SolutionGuid = {7F5EE9DF-0A3E-418E-AF1C-D6BCFDEB24FA}
	EndGlobalSection
EndGlobal
